{
  "name": "node7",
  "version": "1.0.0",
  "lockfileVersion": 1,
  "requires": true,
  "dependencies": {
    "nodes7": {
      "version": "0.3.12",
      "resolved": "https://registry.npmjs.org/nodes7/-/nodes7-0.3.12.tgz",
      "integrity": "sha512-C6p0NYZL+nX2LPkjEJsJNohiN6bJP2ARlfLFQSFe9BBF9ZOiEt0hPvcA2DPdu3HLkEJ78DJd8c2LXnSxh3deaw=="
    }
  }
}
